
Microsoft Visual Studio Solution File, Format Version 12.00
# Visual Studio Version 17
VisualStudioVersion = 17.7.34221.43
MinimumVisualStudioVersion = 10.0.40219.1
Project("{9A19103F-16F7-4668-BE54-9A1E7A4F7556}") = "Matrix", "Matrix.csproj", "{A44A4050-07FB-4F94-8817-D5C9CF3D3704}"
EndProject
Global
	GlobalSection(SolutionConfigurationPlatforms) = preSolution
		Debug|Any CPU = Debug|Any CPU
		Release|Any CPU = Release|Any CPU
	EndGlobalSection
	GlobalSection(ProjectConfigurationPlatforms) = postSolution
		{A44A4050-07FB-4F94-8817-D5C9CF3D3704}.Debug|Any CPU.ActiveCfg = Debug|Any CPU
		{A44A4050-07FB-4F94-8817-D5C9CF3D3704}.Debug|Any CPU.Build.0 = Debug|Any CPU
		{A44A4050-07FB-4F94-8817-D5C9CF3D3704}.Release|Any CPU.ActiveCfg = Release|Any CPU
		{A44A4050-07FB-4F94-8817-D5C9CF3D3704}.Release|Any CPU.Build.0 = Release|Any CPU
	EndGlobalSection
	GlobalSection(SolutionProperties) = preSolution
		HideSolutionNode = FALSE
	EndGlobalSection
	GlobalSection(ExtensibilityGlobals) = postSolution
		SolutionGuid = {4E17A907-F169-4532-BE48-BE8D9CF561CE}
	EndGlobalSection
EndGlobal
